// !$*UTF8*$!
{
	archiveVersion = 1;
	classes = {
	};
	objectVersion = 53;
	objects = {

/* Begin PBXBuildFile section */
		2C356BA9280C796E00C34318 /* SearchResultResponse.swift in Sources */ = {isa = PBXBuildFile; fileRef = 2C356BA8280C796D00C34318 /* SearchResultResponse.swift */; };
		2C356BAB280C7BE900C34318 /* SearchResult.swift in Sources */ = {isa = PBXBuildFile; fileRef = 2C356BAA280C7BE900C34318 /* SearchResult.swift */; };
		2C56556B27DE2B460042D26F /* SettingsModels.swift in Sources */ = {isa = PBXBuildFile; fileRef = 2C56556A27DE2B460042D26F /* SettingsModels.swift */; };
		2C56556D27E255E80042D26F /* NewReleasesResponse.swift in Sources */ = {isa = PBXBuildFile; fileRef = 2C56556C27E255E80042D26F /* NewReleasesResponse.swift */; };
		2C56556F27E257A30042D26F /* APIImage.swift in Sources */ = {isa = PBXBuildFile; fileRef = 2C56556E27E257A30042D26F /* APIImage.swift */; };
		2C56557127E25BCF0042D26F /* FeaturedPlaylistsResponse.swift in Sources */ = {isa = PBXBuildFile; fileRef = 2C56557027E25BCF0042D26F /* FeaturedPlaylistsResponse.swift */; };
		2C56557327E264A30042D26F /* RecommendedGenresResponse.swift in Sources */ = {isa = PBXBuildFile; fileRef = 2C56557227E264A30042D26F /* RecommendedGenresResponse.swift */; };
		2C56557527E360E70042D26F /* RecommendationsResponse.swift in Sources */ = {isa = PBXBuildFile; fileRef = 2C56557427E360E70042D26F /* RecommendationsResponse.swift */; };
		2C76B51B27DD1C3B00A7DBDE /* AppDelegate.swift in Sources */ = {isa = PBXBuildFile; fileRef = 2C76B51A27DD1C3B00A7DBDE /* AppDelegate.swift */; };
		2C76B51D27DD1C3B00A7DBDE /* SceneDelegate.swift in Sources */ = {isa = PBXBuildFile; fileRef = 2C76B51C27DD1C3B00A7DBDE /* SceneDelegate.swift */; };
		2C76B51F27DD1C3B00A7DBDE /* HomeViewController.swift in Sources */ = {isa = PBXBuildFile; fileRef = 2C76B51E27DD1C3B00A7DBDE /* HomeViewController.swift */; };
		2C76B52427DD1C3E00A7DBDE /* Assets.xcassets in Resources */ = {isa = PBXBuildFile; fileRef = 2C76B52327DD1C3E00A7DBDE /* Assets.xcassets */; };
		2C76B52727DD1C3E00A7DBDE /* LaunchScreen.storyboard in Resources */ = {isa = PBXBuildFile; fileRef = 2C76B52527DD1C3E00A7DBDE /* LaunchScreen.storyboard */; };
		2C76B53627DD1FC800A7DBDE /* TabBarViewController.swift in Sources */ = {isa = PBXBuildFile; fileRef = 2C76B53527DD1FC800A7DBDE /* TabBarViewController.swift */; };
		2C76B53827DD203500A7DBDE /* SearchViewController.swift in Sources */ = {isa = PBXBuildFile; fileRef = 2C76B53727DD203500A7DBDE /* SearchViewController.swift */; };
		2C76B53A27DD204900A7DBDE /* LibraryViewController.swift in Sources */ = {isa = PBXBuildFile; fileRef = 2C76B53927DD204900A7DBDE /* LibraryViewController.swift */; };
		2C76B53E27DD208F00A7DBDE /* AuthViewController.swift in Sources */ = {isa = PBXBuildFile; fileRef = 2C76B53D27DD208F00A7DBDE /* AuthViewController.swift */; };
		2C76B54027DD209E00A7DBDE /* WelcomeViewController.swift in Sources */ = {isa = PBXBuildFile; fileRef = 2C76B53F27DD209E00A7DBDE /* WelcomeViewController.swift */; };
		2C76B54227DD20B200A7DBDE /* SettingsViewController.swift in Sources */ = {isa = PBXBuildFile; fileRef = 2C76B54127DD20B200A7DBDE /* SettingsViewController.swift */; };
		2C76B54427DD20C200A7DBDE /* ProfileViewController.swift in Sources */ = {isa = PBXBuildFile; fileRef = 2C76B54327DD20C200A7DBDE /* ProfileViewController.swift */; };
		2C76B54627DD20D000A7DBDE /* PlayerViewController.swift in Sources */ = {isa = PBXBuildFile; fileRef = 2C76B54527DD20D000A7DBDE /* PlayerViewController.swift */; };
		2C76B54827DD20E300A7DBDE /* PlaylistViewController.swift in Sources */ = {isa = PBXBuildFile; fileRef = 2C76B54727DD20E300A7DBDE /* PlaylistViewController.swift */; };
		2C76B54A27DD20FB00A7DBDE /* SearchResultsViewController.swift in Sources */ = {isa = PBXBuildFile; fileRef = 2C76B54927DD20FB00A7DBDE /* SearchResultsViewController.swift */; };
		2C76B54C27DD211C00A7DBDE /* AuthManager.swift in Sources */ = {isa = PBXBuildFile; fileRef = 2C76B54B27DD211C00A7DBDE /* AuthManager.swift */; };
		2C76B54E27DD212F00A7DBDE /* APICaller.swift in Sources */ = {isa = PBXBuildFile; fileRef = 2C76B54D27DD212F00A7DBDE /* APICaller.swift */; };
		2C76B55027DD214400A7DBDE /* HapticsManager.swift in Sources */ = {isa = PBXBuildFile; fileRef = 2C76B54F27DD214400A7DBDE /* HapticsManager.swift */; };
		2C76B55227DD215F00A7DBDE /* Playlist.swift in Sources */ = {isa = PBXBuildFile; fileRef = 2C76B55127DD215F00A7DBDE /* Playlist.swift */; };
		2C76B55427DD217700A7DBDE /* AudioTrack.swift in Sources */ = {isa = PBXBuildFile; fileRef = 2C76B55327DD217700A7DBDE /* AudioTrack.swift */; };
		2C76B55627DD218600A7DBDE /* Artist.swift in Sources */ = {isa = PBXBuildFile; fileRef = 2C76B55527DD218600A7DBDE /* Artist.swift */; };
		2C76B55827DD219300A7DBDE /* UserProfile.swift in Sources */ = {isa = PBXBuildFile; fileRef = 2C76B55727DD219300A7DBDE /* UserProfile.swift */; };
		2C76B55A27DD343C00A7DBDE /* Extensions.swift in Sources */ = {isa = PBXBuildFile; fileRef = 2C76B55927DD343C00A7DBDE /* Extensions.swift */; };
		2C76B55C27DD49DA00A7DBDE /* AuthResponse.swift in Sources */ = {isa = PBXBuildFile; fileRef = 2C76B55B27DD49DA00A7DBDE /* AuthResponse.swift */; };
		2C8F915327E5F2E2003C7996 /* NewReleasesCellViewModel.swift in Sources */ = {isa = PBXBuildFile; fileRef = 2C8F915227E5F2E2003C7996 /* NewReleasesCellViewModel.swift */; };
		2C8F915527E72360003C7996 /* FeaturedPlaylistCellViewModel.swift in Sources */ = {isa = PBXBuildFile; fileRef = 2C8F915427E72360003C7996 /* FeaturedPlaylistCellViewModel.swift */; };
		2C8F915727E723E4003C7996 /* RecommendedTrackCellViewModel.swift in Sources */ = {isa = PBXBuildFile; fileRef = 2C8F915627E723E4003C7996 /* RecommendedTrackCellViewModel.swift */; };
		2C8F915927E73550003C7996 /* AlbumViewController.swift in Sources */ = {isa = PBXBuildFile; fileRef = 2C8F915827E73550003C7996 /* AlbumViewController.swift */; };
		2C8F915B27E73BD4003C7996 /* AlbumDetailsResponse.swift in Sources */ = {isa = PBXBuildFile; fileRef = 2C8F915A27E73BD4003C7996 /* AlbumDetailsResponse.swift */; };
		2C8F915D27E741A2003C7996 /* PlaylistDetailsResponse.swift in Sources */ = {isa = PBXBuildFile; fileRef = 2C8F915C27E741A2003C7996 /* PlaylistDetailsResponse.swift */; };
		2C8F915F27E75F2F003C7996 /* PlaylistHeaderCollectionReusableView.swift in Sources */ = {isa = PBXBuildFile; fileRef = 2C8F915E27E75F2F003C7996 /* PlaylistHeaderCollectionReusableView.swift */; };
		2C8F916127E7642A003C7996 /* PlaylistHeaderViewViewModel.swift in Sources */ = {isa = PBXBuildFile; fileRef = 2C8F916027E7642A003C7996 /* PlaylistHeaderViewViewModel.swift */; };
		2C8F916327E77752003C7996 /* TitleHeaderCollectionReusableView.swift in Sources */ = {isa = PBXBuildFile; fileRef = 2C8F916227E77752003C7996 /* TitleHeaderCollectionReusableView.swift */; };
		2C8F916527E7801B003C7996 /* AlbumTrackCollectionViewCell.swift in Sources */ = {isa = PBXBuildFile; fileRef = 2C8F916427E7801B003C7996 /* AlbumTrackCollectionViewCell.swift */; };
		2C8F916727E781C9003C7996 /* AlbumCollectionViewCellViewModel.swift in Sources */ = {isa = PBXBuildFile; fileRef = 2C8F916627E781C9003C7996 /* AlbumCollectionViewCellViewModel.swift */; };
		2C8F916927EBA6A0003C7996 /* CategoryCollectionViewCell.swift in Sources */ = {isa = PBXBuildFile; fileRef = 2C8F916827EBA6A0003C7996 /* CategoryCollectionViewCell.swift */; };
		2C8F916B27EC652E003C7996 /* AllCategoriesResponse.swift in Sources */ = {isa = PBXBuildFile; fileRef = 2C8F916A27EC652E003C7996 /* AllCategoriesResponse.swift */; };
		2C8F916D27EC6F54003C7996 /* CategoryCollectionViewCellViewModel.swift in Sources */ = {isa = PBXBuildFile; fileRef = 2C8F916C27EC6F54003C7996 /* CategoryCollectionViewCellViewModel.swift */; };
		2C8F916F27EC738C003C7996 /* CategoryViewController.swift in Sources */ = {isa = PBXBuildFile; fileRef = 2C8F916E27EC738C003C7996 /* CategoryViewController.swift */; };
		2CBF17CC27E382C500F93E58 /* NewReleaseCollectionViewCell.swift in Sources */ = {isa = PBXBuildFile; fileRef = 2CBF17CB27E382C500F93E58 /* NewReleaseCollectionViewCell.swift */; };
		2CBF17CE27E3830200F93E58 /* FeaturedPlaylistCollectionViewCell.swift in Sources */ = {isa = PBXBuildFile; fileRef = 2CBF17CD27E3830200F93E58 /* FeaturedPlaylistCollectionViewCell.swift */; };
		2CBF17D027E3833100F93E58 /* RecommendedTrackCollectionViewCell.swift in Sources */ = {isa = PBXBuildFile; fileRef = 2CBF17CF27E3833100F93E58 /* RecommendedTrackCollectionViewCell.swift */; };
		2CDA5E862858D8F3000C0B11 /* SearchResultDefaultTableViewCell.swift in Sources */ = {isa = PBXBuildFile; fileRef = 2CDA5E852858D8F3000C0B11 /* SearchResultDefaultTableViewCell.swift */; };
		2CDA5E882858DC02000C0B11 /* SearchResultDefaultTableViewCellViewModel.swift in Sources */ = {isa = PBXBuildFile; fileRef = 2CDA5E872858DC02000C0B11 /* SearchResultDefaultTableViewCellViewModel.swift */; };
		2CDA5E8A2858E04D000C0B11 /* SearchResultSubtitleTableViewCell.swift in Sources */ = {isa = PBXBuildFile; fileRef = 2CDA5E892858E04D000C0B11 /* SearchResultSubtitleTableViewCell.swift */; };
		2CDA5E8C2858E216000C0B11 /* SearchResultSubtitleTableViewCellViewModel.swift in Sources */ = {isa = PBXBuildFile; fileRef = 2CDA5E8B2858E216000C0B11 /* SearchResultSubtitleTableViewCellViewModel.swift */; };
		918549C9233B52D1A5A1388E /* Pods_Spotify.framework in Frameworks */ = {isa = PBXBuildFile; fileRef = A89617B3F3951ECDD620BFC6 /* Pods_Spotify.framework */; };
/* End PBXBuildFile section */

/* Begin PBXFileReference section */
		2C356BA8280C796D00C34318 /* SearchResultResponse.swift */ = {isa = PBXFileReference; lastKnownFileType = sourcecode.swift; path = SearchResultResponse.swift; sourceTree = "<group>"; };
		2C356BAA280C7BE900C34318 /* SearchResult.swift */ = {isa = PBXFileReference; lastKnownFileType = sourcecode.swift; path = SearchResult.swift; sourceTree = "<group>"; };
		2C56556A27DE2B460042D26F /* SettingsModels.swift */ = {isa = PBXFileReference; lastKnownFileType = sourcecode.swift; path = SettingsModels.swift; sourceTree = "<group>"; };
		2C56556C27E255E80042D26F /* NewReleasesResponse.swift */ = {isa = PBXFileReference; lastKnownFileType = sourcecode.swift; path = NewReleasesResponse.swift; sourceTree = "<group>"; };
		2C56556E27E257A30042D26F /* APIImage.swift */ = {isa = PBXFileReference; lastKnownFileType = sourcecode.swift; path = APIImage.swift; sourceTree = "<group>"; };
		2C56557027E25BCF0042D26F /* FeaturedPlaylistsResponse.swift */ = {isa = PBXFileReference; lastKnownFileType = sourcecode.swift; path = FeaturedPlaylistsResponse.swift; sourceTree = "<group>"; };
		2C56557227E264A30042D26F /* RecommendedGenresResponse.swift */ = {isa = PBXFileReference; lastKnownFileType = sourcecode.swift; path = RecommendedGenresResponse.swift; sourceTree = "<group>"; };
		2C56557427E360E70042D26F /* RecommendationsResponse.swift */ = {isa = PBXFileReference; lastKnownFileType = sourcecode.swift; path = RecommendationsResponse.swift; sourceTree = "<group>"; };
		2C76B51727DD1C3B00A7DBDE /* Spotify.app */ = {isa = PBXFileReference; explicitFileType = wrapper.application; includeInIndex = 0; path = Spotify.app; sourceTree = BUILT_PRODUCTS_DIR; };
		2C76B51A27DD1C3B00A7DBDE /* AppDelegate.swift */ = {isa = PBXFileReference; lastKnownFileType = sourcecode.swift; path = AppDelegate.swift; sourceTree = "<group>"; };
		2C76B51C27DD1C3B00A7DBDE /* SceneDelegate.swift */ = {isa = PBXFileReference; lastKnownFileType = sourcecode.swift; path = SceneDelegate.swift; sourceTree = "<group>"; };
		2C76B51E27DD1C3B00A7DBDE /* HomeViewController.swift */ = {isa = PBXFileReference; lastKnownFileType = sourcecode.swift; path = HomeViewController.swift; sourceTree = "<group>"; };
		2C76B52327DD1C3E00A7DBDE /* Assets.xcassets */ = {isa = PBXFileReference; lastKnownFileType = folder.assetcatalog; path = Assets.xcassets; sourceTree = "<group>"; };
		2C76B52627DD1C3E00A7DBDE /* Base */ = {isa = PBXFileReference; lastKnownFileType = file.storyboard; name = Base; path = Base.lproj/LaunchScreen.storyboard; sourceTree = "<group>"; };
		2C76B52827DD1C3E00A7DBDE /* Info.plist */ = {isa = PBXFileReference; lastKnownFileType = text.plist.xml; path = Info.plist; sourceTree = "<group>"; };
		2C76B53527DD1FC800A7DBDE /* TabBarViewController.swift */ = {isa = PBXFileReference; lastKnownFileType = sourcecode.swift; path = TabBarViewController.swift; sourceTree = "<group>"; };
		2C76B53727DD203500A7DBDE /* SearchViewController.swift */ = {isa = PBXFileReference; lastKnownFileType = sourcecode.swift; path = SearchViewController.swift; sourceTree = "<group>"; };
		2C76B53927DD204900A7DBDE /* LibraryViewController.swift */ = {isa = PBXFileReference; lastKnownFileType = sourcecode.swift; path = LibraryViewController.swift; sourceTree = "<group>"; };
		2C76B53D27DD208F00A7DBDE /* AuthViewController.swift */ = {isa = PBXFileReference; lastKnownFileType = sourcecode.swift; path = AuthViewController.swift; sourceTree = "<group>"; };
		2C76B53F27DD209E00A7DBDE /* WelcomeViewController.swift */ = {isa = PBXFileReference; lastKnownFileType = sourcecode.swift; path = WelcomeViewController.swift; sourceTree = "<group>"; };
		2C76B54127DD20B200A7DBDE /* SettingsViewController.swift */ = {isa = PBXFileReference; lastKnownFileType = sourcecode.swift; path = SettingsViewController.swift; sourceTree = "<group>"; };
		2C76B54327DD20C200A7DBDE /* ProfileViewController.swift */ = {isa = PBXFileReference; lastKnownFileType = sourcecode.swift; path = ProfileViewController.swift; sourceTree = "<group>"; };
		2C76B54527DD20D000A7DBDE /* PlayerViewController.swift */ = {isa = PBXFileReference; lastKnownFileType = sourcecode.swift; path = PlayerViewController.swift; sourceTree = "<group>"; };
		2C76B54727DD20E300A7DBDE /* PlaylistViewController.swift */ = {isa = PBXFileReference; lastKnownFileType = sourcecode.swift; path = PlaylistViewController.swift; sourceTree = "<group>"; };
		2C76B54927DD20FB00A7DBDE /* SearchResultsViewController.swift */ = {isa = PBXFileReference; lastKnownFileType = sourcecode.swift; path = SearchResultsViewController.swift; sourceTree = "<group>"; };
		2C76B54B27DD211C00A7DBDE /* AuthManager.swift */ = {isa = PBXFileReference; lastKnownFileType = sourcecode.swift; path = AuthManager.swift; sourceTree = "<group>"; };
		2C76B54D27DD212F00A7DBDE /* APICaller.swift */ = {isa = PBXFileReference; lastKnownFileType = sourcecode.swift; path = APICaller.swift; sourceTree = "<group>"; };
		2C76B54F27DD214400A7DBDE /* HapticsManager.swift */ = {isa = PBXFileReference; lastKnownFileType = sourcecode.swift; path = HapticsManager.swift; sourceTree = "<group>"; };
		2C76B55127DD215F00A7DBDE /* Playlist.swift */ = {isa = PBXFileReference; lastKnownFileType = sourcecode.swift; path = Playlist.swift; sourceTree = "<group>"; };
		2C76B55327DD217700A7DBDE /* AudioTrack.swift */ = {isa = PBXFileReference; lastKnownFileType = sourcecode.swift; path = AudioTrack.swift; sourceTree = "<group>"; };
		2C76B55527DD218600A7DBDE /* Artist.swift */ = {isa = PBXFileReference; lastKnownFileType = sourcecode.swift; path = Artist.swift; sourceTree = "<group>"; };
		2C76B55727DD219300A7DBDE /* UserProfile.swift */ = {isa = PBXFileReference; lastKnownFileType = sourcecode.swift; path = UserProfile.swift; sourceTree = "<group>"; };
		2C76B55927DD343C00A7DBDE /* Extensions.swift */ = {isa = PBXFileReference; lastKnownFileType = sourcecode.swift; path = Extensions.swift; sourceTree = "<group>"; };
		2C76B55B27DD49DA00A7DBDE /* AuthResponse.swift */ = {isa = PBXFileReference; lastKnownFileType = sourcecode.swift; path = AuthResponse.swift; sourceTree = "<group>"; };
		2C8F915227E5F2E2003C7996 /* NewReleasesCellViewModel.swift */ = {isa = PBXFileReference; lastKnownFileType = sourcecode.swift; path = NewReleasesCellViewModel.swift; sourceTree = "<group>"; };
		2C8F915427E72360003C7996 /* FeaturedPlaylistCellViewModel.swift */ = {isa = PBXFileReference; lastKnownFileType = sourcecode.swift; path = FeaturedPlaylistCellViewModel.swift; sourceTree = "<group>"; };
		2C8F915627E723E4003C7996 /* RecommendedTrackCellViewModel.swift */ = {isa = PBXFileReference; lastKnownFileType = sourcecode.swift; path = RecommendedTrackCellViewModel.swift; sourceTree = "<group>"; };
		2C8F915827E73550003C7996 /* AlbumViewController.swift */ = {isa = PBXFileReference; lastKnownFileType = sourcecode.swift; path = AlbumViewController.swift; sourceTree = "<group>"; };
		2C8F915A27E73BD4003C7996 /* AlbumDetailsResponse.swift */ = {isa = PBXFileReference; lastKnownFileType = sourcecode.swift; path = AlbumDetailsResponse.swift; sourceTree = "<group>"; };
		2C8F915C27E741A2003C7996 /* PlaylistDetailsResponse.swift */ = {isa = PBXFileReference; lastKnownFileType = sourcecode.swift; path = PlaylistDetailsResponse.swift; sourceTree = "<group>"; };
		2C8F915E27E75F2F003C7996 /* PlaylistHeaderCollectionReusableView.swift */ = {isa = PBXFileReference; lastKnownFileType = sourcecode.swift; path = PlaylistHeaderCollectionReusableView.swift; sourceTree = "<group>"; };
		2C8F916027E7642A003C7996 /* PlaylistHeaderViewViewModel.swift */ = {isa = PBXFileReference; lastKnownFileType = sourcecode.swift; path = PlaylistHeaderViewViewModel.swift; sourceTree = "<group>"; };
		2C8F916227E77752003C7996 /* TitleHeaderCollectionReusableView.swift */ = {isa = PBXFileReference; lastKnownFileType = sourcecode.swift; path = TitleHeaderCollectionReusableView.swift; sourceTree = "<group>"; };
		2C8F916427E7801B003C7996 /* AlbumTrackCollectionViewCell.swift */ = {isa = PBXFileReference; lastKnownFileType = sourcecode.swift; path = AlbumTrackCollectionViewCell.swift; sourceTree = "<group>"; };
		2C8F916627E781C9003C7996 /* AlbumCollectionViewCellViewModel.swift */ = {isa = PBXFileReference; lastKnownFileType = sourcecode.swift; path = AlbumCollectionViewCellViewModel.swift; sourceTree = "<group>"; };
		2C8F916827EBA6A0003C7996 /* CategoryCollectionViewCell.swift */ = {isa = PBXFileReference; lastKnownFileType = sourcecode.swift; path = CategoryCollectionViewCell.swift; sourceTree = "<group>"; };
		2C8F916A27EC652E003C7996 /* AllCategoriesResponse.swift */ = {isa = PBXFileReference; lastKnownFileType = sourcecode.swift; path = AllCategoriesResponse.swift; sourceTree = "<group>"; };
		2C8F916C27EC6F54003C7996 /* CategoryCollectionViewCellViewModel.swift */ = {isa = PBXFileReference; lastKnownFileType = sourcecode.swift; path = CategoryCollectionViewCellViewModel.swift; sourceTree = "<group>"; };
		2C8F916E27EC738C003C7996 /* CategoryViewController.swift */ = {isa = PBXFileReference; lastKnownFileType = sourcecode.swift; path = CategoryViewController.swift; sourceTree = "<group>"; };
		2CBF17CB27E382C500F93E58 /* NewReleaseCollectionViewCell.swift */ = {isa = PBXFileReference; lastKnownFileType = sourcecode.swift; path = NewReleaseCollectionViewCell.swift; sourceTree = "<group>"; };
		2CBF17CD27E3830200F93E58 /* FeaturedPlaylistCollectionViewCell.swift */ = {isa = PBXFileReference; lastKnownFileType = sourcecode.swift; path = FeaturedPlaylistCollectionViewCell.swift; sourceTree = "<group>"; };
		2CBF17CF27E3833100F93E58 /* RecommendedTrackCollectionViewCell.swift */ = {isa = PBXFileReference; lastKnownFileType = sourcecode.swift; path = RecommendedTrackCollectionViewCell.swift; sourceTree = "<group>"; };
		2CDA5E852858D8F3000C0B11 /* SearchResultDefaultTableViewCell.swift */ = {isa = PBXFileReference; lastKnownFileType = sourcecode.swift; path = SearchResultDefaultTableViewCell.swift; sourceTree = "<group>"; };
		2CDA5E872858DC02000C0B11 /* SearchResultDefaultTableViewCellViewModel.swift */ = {isa = PBXFileReference; lastKnownFileType = sourcecode.swift; path = SearchResultDefaultTableViewCellViewModel.swift; sourceTree = "<group>"; };
		2CDA5E892858E04D000C0B11 /* SearchResultSubtitleTableViewCell.swift */ = {isa = PBXFileReference; lastKnownFileType = sourcecode.swift; path = SearchResultSubtitleTableViewCell.swift; sourceTree = "<group>"; };
		2CDA5E8B2858E216000C0B11 /* SearchResultSubtitleTableViewCellViewModel.swift */ = {isa = PBXFileReference; lastKnownFileType = sourcecode.swift; path = SearchResultSubtitleTableViewCellViewModel.swift; sourceTree = "<group>"; };
		2E2A3C2ED5DF3E61E764F796 /* Pods-Spotify.release.xcconfig */ = {isa = PBXFileReference; includeInIndex = 1; lastKnownFileType = text.xcconfig; name = "Pods-Spotify.release.xcconfig"; path = "Target Support Files/Pods-Spotify/Pods-Spotify.release.xcconfig"; sourceTree = "<group>"; };
		77BBAE06C394047CD4887354 /* Pods-Spotify.debug.xcconfig */ = {isa = PBXFileReference; includeInIndex = 1; lastKnownFileType = text.xcconfig; name = "Pods-Spotify.debug.xcconfig"; path = "Target Support Files/Pods-Spotify/Pods-Spotify.debug.xcconfig"; sourceTree = "<group>"; };
		A89617B3F3951ECDD620BFC6 /* Pods_Spotify.framework */ = {isa = PBXFileReference; explicitFileType = wrapper.framework; includeInIndex = 0; path = Pods_Spotify.framework; sourceTree = BUILT_PRODUCTS_DIR; };
/* End PBXFileReference section */

/* Begin PBXFrameworksBuildPhase section */
		2C76B51427DD1C3B00A7DBDE /* Frameworks */ = {
			isa = PBXFrameworksBuildPhase;
			buildActionMask = 2147483647;
			files = (
				918549C9233B52D1A5A1388E /* Pods_Spotify.framework in Frameworks */,
			);
			runOnlyForDeploymentPostprocessing = 0;
		};
/* End PBXFrameworksBuildPhase section */

/* Begin PBXGroup section */
		2C76B50E27DD1C3B00A7DBDE = {
			isa = PBXGroup;
			children = (
				2C76B51927DD1C3B00A7DBDE /* Spotify */,
				2C76B51827DD1C3B00A7DBDE /* Products */,
				5EF8D3F505C6CC0793B6E98F /* Pods */,
				EBD635E9D634CE2AA4D37419 /* Frameworks */,
			);
			sourceTree = "<group>";
		};
		2C76B51827DD1C3B00A7DBDE /* Products */ = {
			isa = PBXGroup;
			children = (
				2C76B51727DD1C3B00A7DBDE /* Spotify.app */,
			);
			name = Products;
			sourceTree = "<group>";
		};
		2C76B51927DD1C3B00A7DBDE /* Spotify */ = {
			isa = PBXGroup;
			children = (
				2C76B53427DD1CF600A7DBDE /* Resources */,
				2C76B53327DD1CC300A7DBDE /* Managers */,
				2C76B53227DD1CB500A7DBDE /* ViewModels */,
				2C76B53127DD1CA800A7DBDE /* Models */,
				2C76B53027DD1C9D00A7DBDE /* Views */,
				2C76B52E27DD1C8500A7DBDE /* Controllers */,
				2C76B52827DD1C3E00A7DBDE /* Info.plist */,
			);
			path = Spotify;
			sourceTree = "<group>";
		};
		2C76B52E27DD1C8500A7DBDE /* Controllers */ = {
			isa = PBXGroup;
			children = (
				2C76B53C27DD206F00A7DBDE /* Other */,
				2C76B53B27DD205A00A7DBDE /* Core */,
			);
			path = Controllers;
			sourceTree = "<group>";
		};
		2C76B53027DD1C9D00A7DBDE /* Views */ = {
			isa = PBXGroup;
			children = (
				2CDA5E842858D8A2000C0B11 /* SearchResultCell */,
				2CBF17CA27E3827E00F93E58 /* Browse */,
				2C76B52527DD1C3E00A7DBDE /* LaunchScreen.storyboard */,
				2C8F915E27E75F2F003C7996 /* PlaylistHeaderCollectionReusableView.swift */,
				2C8F916227E77752003C7996 /* TitleHeaderCollectionReusableView.swift */,
				2C8F916427E7801B003C7996 /* AlbumTrackCollectionViewCell.swift */,
				2C8F916827EBA6A0003C7996 /* CategoryCollectionViewCell.swift */,
			);
			path = Views;
			sourceTree = "<group>";
		};
		2C76B53127DD1CA800A7DBDE /* Models */ = {
			isa = PBXGroup;
			children = (
				2C76B55127DD215F00A7DBDE /* Playlist.swift */,
				2C76B55327DD217700A7DBDE /* AudioTrack.swift */,
				2C76B55527DD218600A7DBDE /* Artist.swift */,
				2C76B55727DD219300A7DBDE /* UserProfile.swift */,
				2C76B55B27DD49DA00A7DBDE /* AuthResponse.swift */,
				2C56556A27DE2B460042D26F /* SettingsModels.swift */,
				2C56556C27E255E80042D26F /* NewReleasesResponse.swift */,
				2C56556E27E257A30042D26F /* APIImage.swift */,
				2C56557027E25BCF0042D26F /* FeaturedPlaylistsResponse.swift */,
				2C56557227E264A30042D26F /* RecommendedGenresResponse.swift */,
				2C56557427E360E70042D26F /* RecommendationsResponse.swift */,
				2C8F915A27E73BD4003C7996 /* AlbumDetailsResponse.swift */,
				2C8F915C27E741A2003C7996 /* PlaylistDetailsResponse.swift */,
				2C8F916A27EC652E003C7996 /* AllCategoriesResponse.swift */,
				2C356BA8280C796D00C34318 /* SearchResultResponse.swift */,
				2C356BAA280C7BE900C34318 /* SearchResult.swift */,
			);
			path = Models;
			sourceTree = "<group>";
		};
		2C76B53227DD1CB500A7DBDE /* ViewModels */ = {
			isa = PBXGroup;
			children = (
				2C8F915227E5F2E2003C7996 /* NewReleasesCellViewModel.swift */,
				2C8F915427E72360003C7996 /* FeaturedPlaylistCellViewModel.swift */,
				2C8F915627E723E4003C7996 /* RecommendedTrackCellViewModel.swift */,
				2C8F916027E7642A003C7996 /* PlaylistHeaderViewViewModel.swift */,
				2C8F916627E781C9003C7996 /* AlbumCollectionViewCellViewModel.swift */,
				2C8F916C27EC6F54003C7996 /* CategoryCollectionViewCellViewModel.swift */,
				2CDA5E872858DC02000C0B11 /* SearchResultDefaultTableViewCellViewModel.swift */,
				2CDA5E8B2858E216000C0B11 /* SearchResultSubtitleTableViewCellViewModel.swift */,
			);
			path = ViewModels;
			sourceTree = "<group>";
		};
		2C76B53327DD1CC300A7DBDE /* Managers */ = {
			isa = PBXGroup;
			children = (
				2C76B54B27DD211C00A7DBDE /* AuthManager.swift */,
				2C76B54D27DD212F00A7DBDE /* APICaller.swift */,
				2C76B54F27DD214400A7DBDE /* HapticsManager.swift */,
			);
			path = Managers;
			sourceTree = "<group>";
		};
		2C76B53427DD1CF600A7DBDE /* Resources */ = {
			isa = PBXGroup;
			children = (
				2C76B52327DD1C3E00A7DBDE /* Assets.xcassets */,
				2C76B51A27DD1C3B00A7DBDE /* AppDelegate.swift */,
				2C76B51C27DD1C3B00A7DBDE /* SceneDelegate.swift */,
				2C76B55927DD343C00A7DBDE /* Extensions.swift */,
			);
			path = Resources;
			sourceTree = "<group>";
		};
		2C76B53B27DD205A00A7DBDE /* Core */ = {
			isa = PBXGroup;
			children = (
				2C76B53527DD1FC800A7DBDE /* TabBarViewController.swift */,
				2C76B51E27DD1C3B00A7DBDE /* HomeViewController.swift */,
				2C76B53727DD203500A7DBDE /* SearchViewController.swift */,
				2C76B53927DD204900A7DBDE /* LibraryViewController.swift */,
			);
			path = Core;
			sourceTree = "<group>";
		};
		2C76B53C27DD206F00A7DBDE /* Other */ = {
			isa = PBXGroup;
			children = (
				2C76B53D27DD208F00A7DBDE /* AuthViewController.swift */,
				2C76B53F27DD209E00A7DBDE /* WelcomeViewController.swift */,
				2C76B54127DD20B200A7DBDE /* SettingsViewController.swift */,
				2C76B54327DD20C200A7DBDE /* ProfileViewController.swift */,
				2C76B54527DD20D000A7DBDE /* PlayerViewController.swift */,
				2C76B54727DD20E300A7DBDE /* PlaylistViewController.swift */,
				2C76B54927DD20FB00A7DBDE /* SearchResultsViewController.swift */,
				2C8F915827E73550003C7996 /* AlbumViewController.swift */,
				2C8F916E27EC738C003C7996 /* CategoryViewController.swift */,
			);
			path = Other;
			sourceTree = "<group>";
		};
		2CBF17CA27E3827E00F93E58 /* Browse */ = {
			isa = PBXGroup;
			children = (
				2CBF17CB27E382C500F93E58 /* NewReleaseCollectionViewCell.swift */,
				2CBF17CD27E3830200F93E58 /* FeaturedPlaylistCollectionViewCell.swift */,
				2CBF17CF27E3833100F93E58 /* RecommendedTrackCollectionViewCell.swift */,
			);
			path = Browse;
			sourceTree = "<group>";
		};
		2CDA5E842858D8A2000C0B11 /* SearchResultCell */ = {
			isa = PBXGroup;
			children = (
				2CDA5E852858D8F3000C0B11 /* SearchResultDefaultTableViewCell.swift */,
				2CDA5E892858E04D000C0B11 /* SearchResultSubtitleTableViewCell.swift */,
			);
			path = SearchResultCell;
			sourceTree = "<group>";
		};
		5EF8D3F505C6CC0793B6E98F /* Pods */ = {
			isa = PBXGroup;
			children = (
				77BBAE06C394047CD4887354 /* Pods-Spotify.debug.xcconfig */,
				2E2A3C2ED5DF3E61E764F796 /* Pods-Spotify.release.xcconfig */,
			);
			path = Pods;
			sourceTree = "<group>";
		};
		EBD635E9D634CE2AA4D37419 /* Frameworks */ = {
			isa = PBXGroup;
			children = (
				A89617B3F3951ECDD620BFC6 /* Pods_Spotify.framework */,
			);
			name = Frameworks;
			sourceTree = "<group>";
		};
/* End PBXGroup section */

/* Begin PBXNativeTarget section */
		2C76B51627DD1C3B00A7DBDE /* Spotify */ = {
			isa = PBXNativeTarget;
			buildConfigurationList = 2C76B52B27DD1C3E00A7DBDE /* Build configuration list for PBXNativeTarget "Spotify" */;
			buildPhases = (
				B77304446AC9E281A8D1B9E3 /* [CP] Check Pods Manifest.lock */,
				2C76B51327DD1C3B00A7DBDE /* Sources */,
				2C76B51427DD1C3B00A7DBDE /* Frameworks */,
				2C76B51527DD1C3B00A7DBDE /* Resources */,
				1C12E2F5BD89F2D98CB0F3AD /* [CP] Embed Pods Frameworks */,
			);
			buildRules = (
			);
			dependencies = (
			);
			name = Spotify;
			productName = Spotify;
			productReference = 2C76B51727DD1C3B00A7DBDE /* Spotify.app */;
			productType = "com.apple.product-type.application";
		};
/* End PBXNativeTarget section */

/* Begin PBXProject section */
		2C76B50F27DD1C3B00A7DBDE /* Project object */ = {
			isa = PBXProject;
			attributes = {
				BuildIndependentTargetsInParallel = 1;
				LastSwiftUpdateCheck = 1320;
				LastUpgradeCheck = 1320;
				TargetAttributes = {
					2C76B51627DD1C3B00A7DBDE = {
						CreatedOnToolsVersion = 13.2.1;
					};
				};
			};
			buildConfigurationList = 2C76B51227DD1C3B00A7DBDE /* Build configuration list for PBXProject "Spotify" */;
			compatibilityVersion = "Xcode 11.0";
			developmentRegion = en;
			hasScannedForEncodings = 0;
			knownRegions = (
				en,
				Base,
			);
			mainGroup = 2C76B50E27DD1C3B00A7DBDE;
			productRefGroup = 2C76B51827DD1C3B00A7DBDE /* Products */;
			projectDirPath = "";
			projectRoot = "";
			targets = (
				2C76B51627DD1C3B00A7DBDE /* Spotify */,
			);
		};
/* End PBXProject section */

/* Begin PBXResourcesBuildPhase section */
		2C76B51527DD1C3B00A7DBDE /* Resources */ = {
			isa = PBXResourcesBuildPhase;
			buildActionMask = 2147483647;
			files = (
				2C76B52727DD1C3E00A7DBDE /* LaunchScreen.storyboard in Resources */,
				2C76B52427DD1C3E00A7DBDE /* Assets.xcassets in Resources */,
			);
			runOnlyForDeploymentPostprocessing = 0;
		};
/* End PBXResourcesBuildPhase section */

/* Begin PBXShellScriptBuildPhase section */
		1C12E2F5BD89F2D98CB0F3AD /* [CP] Embed Pods Frameworks */ = {
			isa = PBXShellScriptBuildPhase;
			buildActionMask = 2147483647;
			files = (
			);
			inputFileListPaths = (
				"${PODS_ROOT}/Target Support Files/Pods-Spotify/Pods-Spotify-frameworks-${CONFIGURATION}-input-files.xcfilelist",
			);
			name = "[CP] Embed Pods Frameworks";
			outputFileListPaths = (
				"${PODS_ROOT}/Target Support Files/Pods-Spotify/Pods-Spotify-frameworks-${CONFIGURATION}-output-files.xcfilelist",
			);
			runOnlyForDeploymentPostprocessing = 0;
			shellPath = /bin/sh;
			shellScript = "\"${PODS_ROOT}/Target Support Files/Pods-Spotify/Pods-Spotify-frameworks.sh\"\n";
			showEnvVarsInLog = 0;
		};
		B77304446AC9E281A8D1B9E3 /* [CP] Check Pods Manifest.lock */ = {
			isa = PBXShellScriptBuildPhase;
			buildActionMask = 2147483647;
			files = (
			);
			inputFileListPaths = (
			);
			inputPaths = (
				"${PODS_PODFILE_DIR_PATH}/Podfile.lock",
				"${PODS_ROOT}/Manifest.lock",
			);
			name = "[CP] Check Pods Manifest.lock";
			outputFileListPaths = (
			);
			outputPaths = (
				"$(DERIVED_FILE_DIR)/Pods-Spotify-checkManifestLockResult.txt",
			);
			runOnlyForDeploymentPostprocessing = 0;
			shellPath = /bin/sh;
			shellScript = "diff \"${PODS_PODFILE_DIR_PATH}/Podfile.lock\" \"${PODS_ROOT}/Manifest.lock\" > /dev/null\nif [ $? != 0 ] ; then\n    # print error to STDERR\n    echo \"error: The sandbox is not in sync with the Podfile.lock. Run 'pod install' or update your CocoaPods installation.\" >&2\n    exit 1\nfi\n# This output is used by Xcode 'outputs' to avoid re-running this script phase.\necho \"SUCCESS\" > \"${SCRIPT_OUTPUT_FILE_0}\"\n";
			showEnvVarsInLog = 0;
		};
/* End PBXShellScriptBuildPhase section */

/* Begin PBXSourcesBuildPhase section */
		2C76B51327DD1C3B00A7DBDE /* Sources */ = {
			isa = PBXSourcesBuildPhase;
			buildActionMask = 2147483647;
			files = (
				2C76B53827DD203500A7DBDE /* SearchViewController.swift in Sources */,
				2C8F915D27E741A2003C7996 /* PlaylistDetailsResponse.swift in Sources */,
				2C76B55227DD215F00A7DBDE /* Playlist.swift in Sources */,
				2C76B54C27DD211C00A7DBDE /* AuthManager.swift in Sources */,
				2C8F915327E5F2E2003C7996 /* NewReleasesCellViewModel.swift in Sources */,
				2C8F916727E781C9003C7996 /* AlbumCollectionViewCellViewModel.swift in Sources */,
				2C8F915727E723E4003C7996 /* RecommendedTrackCellViewModel.swift in Sources */,
				2C76B54A27DD20FB00A7DBDE /* SearchResultsViewController.swift in Sources */,
				2C8F916F27EC738C003C7996 /* CategoryViewController.swift in Sources */,
				2C8F916B27EC652E003C7996 /* AllCategoriesResponse.swift in Sources */,
				2C8F916327E77752003C7996 /* TitleHeaderCollectionReusableView.swift in Sources */,
				2C8F915927E73550003C7996 /* AlbumViewController.swift in Sources */,
				2C356BA9280C796E00C34318 /* SearchResultResponse.swift in Sources */,
				2C8F916127E7642A003C7996 /* PlaylistHeaderViewViewModel.swift in Sources */,
				2C8F915527E72360003C7996 /* FeaturedPlaylistCellViewModel.swift in Sources */,
				2C76B54027DD209E00A7DBDE /* WelcomeViewController.swift in Sources */,
				2C76B54427DD20C200A7DBDE /* ProfileViewController.swift in Sources */,
				2C76B53627DD1FC800A7DBDE /* TabBarViewController.swift in Sources */,
				2CDA5E862858D8F3000C0B11 /* SearchResultDefaultTableViewCell.swift in Sources */,
				2C76B55027DD214400A7DBDE /* HapticsManager.swift in Sources */,
				2CBF17D027E3833100F93E58 /* RecommendedTrackCollectionViewCell.swift in Sources */,
				2C76B55C27DD49DA00A7DBDE /* AuthResponse.swift in Sources */,
				2C8F916927EBA6A0003C7996 /* CategoryCollectionViewCell.swift in Sources */,
				2C56556D27E255E80042D26F /* NewReleasesResponse.swift in Sources */,
				2C56556F27E257A30042D26F /* APIImage.swift in Sources */,
				2C8F916527E7801B003C7996 /* AlbumTrackCollectionViewCell.swift in Sources */,
				2C56557527E360E70042D26F /* RecommendationsResponse.swift in Sources */,
				2C76B55427DD217700A7DBDE /* AudioTrack.swift in Sources */,
				2C76B51F27DD1C3B00A7DBDE /* HomeViewController.swift in Sources */,
				2CDA5E882858DC02000C0B11 /* SearchResultDefaultTableViewCellViewModel.swift in Sources */,
				2CBF17CC27E382C500F93E58 /* NewReleaseCollectionViewCell.swift in Sources */,
				2C76B53E27DD208F00A7DBDE /* AuthViewController.swift in Sources */,
				2CBF17CE27E3830200F93E58 /* FeaturedPlaylistCollectionViewCell.swift in Sources */,
				2C76B51B27DD1C3B00A7DBDE /* AppDelegate.swift in Sources */,
				2C76B55827DD219300A7DBDE /* UserProfile.swift in Sources */,
				2C76B55A27DD343C00A7DBDE /* Extensions.swift in Sources */,
				2C356BAB280C7BE900C34318 /* SearchResult.swift in Sources */,
				2C8F915F27E75F2F003C7996 /* PlaylistHeaderCollectionReusableView.swift in Sources */,
				2C76B53A27DD204900A7DBDE /* LibraryViewController.swift in Sources */,
				2C76B55627DD218600A7DBDE /* Artist.swift in Sources */,
				2C56556B27DE2B460042D26F /* SettingsModels.swift in Sources */,
				2C76B54827DD20E300A7DBDE /* PlaylistViewController.swift in Sources */,
				2C76B51D27DD1C3B00A7DBDE /* SceneDelegate.swift in Sources */,
				2C76B54627DD20D000A7DBDE /* PlayerViewController.swift in Sources */,
				2C8F915B27E73BD4003C7996 /* AlbumDetailsResponse.swift in Sources */,
				2C76B54E27DD212F00A7DBDE /* APICaller.swift in Sources */,
				2C56557127E25BCF0042D26F /* FeaturedPlaylistsResponse.swift in Sources */,
				2CDA5E8A2858E04D000C0B11 /* SearchResultSubtitleTableViewCell.swift in Sources */,
				2C76B54227DD20B200A7DBDE /* SettingsViewController.swift in Sources */,
				2C8F916D27EC6F54003C7996 /* CategoryCollectionViewCellViewModel.swift in Sources */,
				2CDA5E8C2858E216000C0B11 /* SearchResultSubtitleTableViewCellViewModel.swift in Sources */,
				2C56557327E264A30042D26F /* RecommendedGenresResponse.swift in Sources */,
			);
			runOnlyForDeploymentPostprocessing = 0;
		};
/* End PBXSourcesBuildPhase section */

/* Begin PBXVariantGroup section */
		2C76B52527DD1C3E00A7DBDE /* LaunchScreen.storyboard */ = {
			isa = PBXVariantGroup;
			children = (
				2C76B52627DD1C3E00A7DBDE /* Base */,
			);
			name = LaunchScreen.storyboard;
			sourceTree = "<group>";
		};
/* End PBXVariantGroup section */

/* Begin XCBuildConfiguration section */
		2C76B52927DD1C3E00A7DBDE /* Debug */ = {
			isa = XCBuildConfiguration;
			buildSettings = {
				ALWAYS_SEARCH_USER_PATHS = NO;
				CLANG_ANALYZER_NONNULL = YES;
				CLANG_ANALYZER_NUMBER_OBJECT_CONVERSION = YES_AGGRESSIVE;
				CLANG_CXX_LANGUAGE_STANDARD = "gnu++17";
				CLANG_CXX_LIBRARY = "libc++";
				CLANG_ENABLE_MODULES = YES;
				CLANG_ENABLE_OBJC_ARC = YES;
				CLANG_ENABLE_OBJC_WEAK = YES;
				CLANG_WARN_BLOCK_CAPTURE_AUTORELEASING = YES;
				CLANG_WARN_BOOL_CONVERSION = YES;
				CLANG_WARN_COMMA = YES;
				CLANG_WARN_CONSTANT_CONVERSION = YES;
				CLANG_WARN_DEPRECATED_OBJC_IMPLEMENTATIONS = YES;
				CLANG_WARN_DIRECT_OBJC_ISA_USAGE = YES_ERROR;
				CLANG_WARN_DOCUMENTATION_COMMENTS = YES;
				CLANG_WARN_EMPTY_BODY = YES;
				CLANG_WARN_ENUM_CONVERSION = YES;
				CLANG_WARN_INFINITE_RECURSION = YES;
				CLANG_WARN_INT_CONVERSION = YES;
				CLANG_WARN_NON_LITERAL_NULL_CONVERSION = YES;
				CLANG_WARN_OBJC_IMPLICIT_RETAIN_SELF = YES;
				CLANG_WARN_OBJC_LITERAL_CONVERSION = YES;
				CLANG_WARN_OBJC_ROOT_CLASS = YES_ERROR;
				CLANG_WARN_QUOTED_INCLUDE_IN_FRAMEWORK_HEADER = YES;
				CLANG_WARN_RANGE_LOOP_ANALYSIS = YES;
				CLANG_WARN_STRICT_PROTOTYPES = YES;
				CLANG_WARN_SUSPICIOUS_MOVE = YES;
				CLANG_WARN_UNGUARDED_AVAILABILITY = YES_AGGRESSIVE;
				CLANG_WARN_UNREACHABLE_CODE = YES;
				CLANG_WARN__DUPLICATE_METHOD_MATCH = YES;
				COPY_PHASE_STRIP = NO;
				DEBUG_INFORMATION_FORMAT = dwarf;
				ENABLE_STRICT_OBJC_MSGSEND = YES;
				ENABLE_TESTABILITY = YES;
				GCC_C_LANGUAGE_STANDARD = gnu11;
				GCC_DYNAMIC_NO_PIC = NO;
				GCC_NO_COMMON_BLOCKS = YES;
				GCC_OPTIMIZATION_LEVEL = 0;
				GCC_PREPROCESSOR_DEFINITIONS = (
					"DEBUG=1",
					"$(inherited)",
				);
				GCC_WARN_64_TO_32_BIT_CONVERSION = YES;
				GCC_WARN_ABOUT_RETURN_TYPE = YES_ERROR;
				GCC_WARN_UNDECLARED_SELECTOR = YES;
				GCC_WARN_UNINITIALIZED_AUTOS = YES_AGGRESSIVE;
				GCC_WARN_UNUSED_FUNCTION = YES;
				GCC_WARN_UNUSED_VARIABLE = YES;
				IPHONEOS_DEPLOYMENT_TARGET = 15.2;
				MTL_ENABLE_DEBUG_INFO = INCLUDE_SOURCE;
				MTL_FAST_MATH = YES;
				ONLY_ACTIVE_ARCH = YES;
				SDKROOT = iphoneos;
				SWIFT_ACTIVE_COMPILATION_CONDITIONS = DEBUG;
				SWIFT_OPTIMIZATION_LEVEL = "-Onone";
			};
			name = Debug;
		};
		2C76B52A27DD1C3E00A7DBDE /* Release */ = {
			isa = XCBuildConfiguration;
			buildSettings = {
				ALWAYS_SEARCH_USER_PATHS = NO;
				CLANG_ANALYZER_NONNULL = YES;
				CLANG_ANALYZER_NUMBER_OBJECT_CONVERSION = YES_AGGRESSIVE;
				CLANG_CXX_LANGUAGE_STANDARD = "gnu++17";
				CLANG_CXX_LIBRARY = "libc++";
				CLANG_ENABLE_MODULES = YES;
				CLANG_ENABLE_OBJC_ARC = YES;
				CLANG_ENABLE_OBJC_WEAK = YES;
				CLANG_WARN_BLOCK_CAPTURE_AUTORELEASING = YES;
				CLANG_WARN_BOOL_CONVERSION = YES;
				CLANG_WARN_COMMA = YES;
				CLANG_WARN_CONSTANT_CONVERSION = YES;
				CLANG_WARN_DEPRECATED_OBJC_IMPLEMENTATIONS = YES;
				CLANG_WARN_DIRECT_OBJC_ISA_USAGE = YES_ERROR;
				CLANG_WARN_DOCUMENTATION_COMMENTS = YES;
				CLANG_WARN_EMPTY_BODY = YES;
				CLANG_WARN_ENUM_CONVERSION = YES;
				CLANG_WARN_INFINITE_RECURSION = YES;
				CLANG_WARN_INT_CONVERSION = YES;
				CLANG_WARN_NON_LITERAL_NULL_CONVERSION = YES;
				CLANG_WARN_OBJC_IMPLICIT_RETAIN_SELF = YES;
				CLANG_WARN_OBJC_LITERAL_CONVERSION = YES;
				CLANG_WARN_OBJC_ROOT_CLASS = YES_ERROR;
				CLANG_WARN_QUOTED_INCLUDE_IN_FRAMEWORK_HEADER = YES;
				CLANG_WARN_RANGE_LOOP_ANALYSIS = YES;
				CLANG_WARN_STRICT_PROTOTYPES = YES;
				CLANG_WARN_SUSPICIOUS_MOVE = YES;
				CLANG_WARN_UNGUARDED_AVAILABILITY = YES_AGGRESSIVE;
				CLANG_WARN_UNREACHABLE_CODE = YES;
				CLANG_WARN__DUPLICATE_METHOD_MATCH = YES;
				COPY_PHASE_STRIP = NO;
				DEBUG_INFORMATION_FORMAT = "dwarf-with-dsym";
				ENABLE_NS_ASSERTIONS = NO;
				ENABLE_STRICT_OBJC_MSGSEND = YES;
				GCC_C_LANGUAGE_STANDARD = gnu11;
				GCC_NO_COMMON_BLOCKS = YES;
				GCC_WARN_64_TO_32_BIT_CONVERSION = YES;
				GCC_WARN_ABOUT_RETURN_TYPE = YES_ERROR;
				GCC_WARN_UNDECLARED_SELECTOR = YES;
				GCC_WARN_UNINITIALIZED_AUTOS = YES_AGGRESSIVE;
				GCC_WARN_UNUSED_FUNCTION = YES;
				GCC_WARN_UNUSED_VARIABLE = YES;
				IPHONEOS_DEPLOYMENT_TARGET = 15.2;
				MTL_ENABLE_DEBUG_INFO = NO;
				MTL_FAST_MATH = YES;
				SDKROOT = iphoneos;
				SWIFT_COMPILATION_MODE = wholemodule;
				SWIFT_OPTIMIZATION_LEVEL = "-O";
				VALIDATE_PRODUCT = YES;
			};
			name = Release;
		};
		2C76B52C27DD1C3E00A7DBDE /* Debug */ = {
			isa = XCBuildConfiguration;
			baseConfigurationReference = 77BBAE06C394047CD4887354 /* Pods-Spotify.debug.xcconfig */;
			buildSettings = {
				ASSETCATALOG_COMPILER_APPICON_NAME = AppIcon;
				ASSETCATALOG_COMPILER_GLOBAL_ACCENT_COLOR_NAME = AccentColor;
				CODE_SIGN_STYLE = Automatic;
				CURRENT_PROJECT_VERSION = 1;
				DEVELOPMENT_TEAM = 69S65245DU;
				GENERATE_INFOPLIST_FILE = YES;
				INFOPLIST_FILE = Spotify/Info.plist;
				INFOPLIST_KEY_UIApplicationSupportsIndirectInputEvents = YES;
				INFOPLIST_KEY_UILaunchStoryboardName = LaunchScreen;
				INFOPLIST_KEY_UISupportedInterfaceOrientations_iPad = "UIInterfaceOrientationPortrait UIInterfaceOrientationPortraitUpsideDown UIInterfaceOrientationLandscapeLeft UIInterfaceOrientationLandscapeRight";
				INFOPLIST_KEY_UISupportedInterfaceOrientations_iPhone = "UIInterfaceOrientationPortrait UIInterfaceOrientationLandscapeLeft UIInterfaceOrientationLandscapeRight";
				LD_RUNPATH_SEARCH_PATHS = (
					"$(inherited)",
					"@executable_path/Frameworks",
				);
				MARKETING_VERSION = 1.0;
				PRODUCT_BUNDLE_IDENTIFIER = choney.Spotify;
				PRODUCT_NAME = "$(TARGET_NAME)";
				SWIFT_EMIT_LOC_STRINGS = YES;
				SWIFT_VERSION = 5.0;
				TARGETED_DEVICE_FAMILY = 1;
			};
			name = Debug;
		};
		2C76B52D27DD1C3E00A7DBDE /* Release */ = {
			isa = XCBuildConfiguration;
			baseConfigurationReference = 2E2A3C2ED5DF3E61E764F796 /* Pods-Spotify.release.xcconfig */;
			buildSettings = {
				ASSETCATALOG_COMPILER_APPICON_NAME = AppIcon;
				ASSETCATALOG_COMPILER_GLOBAL_ACCENT_COLOR_NAME = AccentColor;
				CODE_SIGN_STYLE = Automatic;
				CURRENT_PROJECT_VERSION = 1;
				DEVELOPMENT_TEAM = 69S65245DU;
				GENERATE_INFOPLIST_FILE = YES;
				INFOPLIST_FILE = Spotify/Info.plist;
				INFOPLIST_KEY_UIApplicationSupportsIndirectInputEvents = YES;
				INFOPLIST_KEY_UILaunchStoryboardName = LaunchScreen;
				INFOPLIST_KEY_UISupportedInterfaceOrientations_iPad = "UIInterfaceOrientationPortrait UIInterfaceOrientationPortraitUpsideDown UIInterfaceOrientationLandscapeLeft UIInterfaceOrientationLandscapeRight";
				INFOPLIST_KEY_UISupportedInterfaceOrientations_iPhone = "UIInterfaceOrientationPortrait UIInterfaceOrientationLandscapeLeft UIInterfaceOrientationLandscapeRight";
				LD_RUNPATH_SEARCH_PATHS = (
					"$(inherited)",
					"@executable_path/Frameworks",
				);
				MARKETING_VERSION = 1.0;
				PRODUCT_BUNDLE_IDENTIFIER = choney.Spotify;
				PRODUCT_NAME = "$(TARGET_NAME)";
				SWIFT_EMIT_LOC_STRINGS = YES;
				SWIFT_VERSION = 5.0;
				TARGETED_DEVICE_FAMILY = 1;
			};
			name = Release;
		};
/* End XCBuildConfiguration section */

/* Begin XCConfigurationList section */
		2C76B51227DD1C3B00A7DBDE /* Build configuration list for PBXProject "Spotify" */ = {
			isa = XCConfigurationList;
			buildConfigurations = (
				2C76B52927DD1C3E00A7DBDE /* Debug */,
				2C76B52A27DD1C3E00A7DBDE /* Release */,
			);
			defaultConfigurationIsVisible = 0;
			defaultConfigurationName = Release;
		};
		2C76B52B27DD1C3E00A7DBDE /* Build configuration list for PBXNativeTarget "Spotify" */ = {
			isa = XCConfigurationList;
			buildConfigurations = (
				2C76B52C27DD1C3E00A7DBDE /* Debug */,
				2C76B52D27DD1C3E00A7DBDE /* Release */,
			);
			defaultConfigurationIsVisible = 0;
			defaultConfigurationName = Release;
		};
/* End XCConfigurationList section */
	};
	rootObject = 2C76B50F27DD1C3B00A7DBDE /* Project object */;
}
